
Microsoft Visual Studio Solution File, Format Version 12.00
# Visual Studio Version 17
VisualStudioVersion = 17.5.33516.290
MinimumVisualStudioVersion = 10.0.40219.1
Project("{FAE04EC0-301F-11D3-BF4B-00C04F79EFBC}") = "Infrared Drone Human Detection System", "Infrared Drone Human Detection System.csproj", "{FD22AA58-8A28-4E62-B469-61518AA81E99}"
EndProject
Project("{2150E333-8FDC-42A3-9474-1A3956D46DE8}") = "Solution Items", "Solution Items", "{4D1F4D78-98BF-4337-8114-5B9E887D7E68}"
	ProjectSection(SolutionItems) = preProject
		bin\Debug\icon.ico = bin\Debug\icon.ico
	EndProjectSection
EndProject
Global
	GlobalSection(SolutionConfigurationPlatforms) = preSolution
		Debug|Any CPU = Debug|Any CPU
		Release|Any CPU = Release|Any CPU
	EndGlobalSection
	GlobalSection(ProjectConfigurationPlatforms) = postSolution
		{FD22AA58-8A28-4E62-B469-61518AA81E99}.Debug|Any CPU.ActiveCfg = Debug|Any CPU
		{FD22AA58-8A28-4E62-B469-61518AA81E99}.Debug|Any CPU.Build.0 = Debug|Any CPU
		{FD22AA58-8A28-4E62-B469-61518AA81E99}.Release|Any CPU.ActiveCfg = Release|Any CPU
		{FD22AA58-8A28-4E62-B469-61518AA81E99}.Release|Any CPU.Build.0 = Release|Any CPU
	EndGlobalSection
	GlobalSection(SolutionProperties) = preSolution
		HideSolutionNode = FALSE
	EndGlobalSection
	GlobalSection(ExtensibilityGlobals) = postSolution
		SolutionGuid = {DB0FA21C-3023-4B91-90A0-CCE8E95A462C}
	EndGlobalSection
EndGlobal
